PODS:
  - Alamofire (5.0.0-beta.6)
  - Kanna (5.0.0)

DEPENDENCIES:
  - Alamofire (~> 5.0.0-beta.5)
  - Kanna (~> 5.0.0)

SPEC REPOS:
  https://github.com/cocoapods/specs.git:
    - Alamofire
    - Kanna

SPEC CHECKSUMS:
  Alamofire: cd08a4402bd12cacd0c66f23fb12fec8d6b965e4
  Kanna: a32875df62975f8f4b871e933b4ea1a5c3b8be0f

PODFILE CHECKSUM: 859633a84c7b277375dab309034834cbe7d34dcd

COCOAPODS: 1.7.1
